// !$*UTF8*$!
{
	archiveVersion = 1;
	classes = {
	};
	objectVersion = 50;
	objects = {

/* Begin PBXBuildFile section */
		F54518952720761800909A28 /* MainTableViewController.swift in Sources */ = {isa = PBXBuildFile; fileRef = F54518942720761800909A28 /* MainTableViewController.swift */; };
		F5451899272083EE00909A28 /* GlossariesList.swift in Sources */ = {isa = PBXBuildFile; fileRef = F5451898272083EE00909A28 /* GlossariesList.swift */; };
		F545189E2720869300909A28 /* GlossaryProvider.swift in Sources */ = {isa = PBXBuildFile; fileRef = F545189D2720869300909A28 /* GlossaryProvider.swift */; };
		F5821E5E27175BF20039FE92 /* AppDelegate.swift in Sources */ = {isa = PBXBuildFile; fileRef = F5821E5D27175BF20039FE92 /* AppDelegate.swift */; };
		F5821E6027175BF20039FE92 /* SceneDelegate.swift in Sources */ = {isa = PBXBuildFile; fileRef = F5821E5F27175BF20039FE92 /* SceneDelegate.swift */; };
		F5821E6227175BF20039FE92 /* ViewController.swift in Sources */ = {isa = PBXBuildFile; fileRef = F5821E6127175BF20039FE92 /* ViewController.swift */; };
		F5821E6527175BF20039FE92 /* Main.storyboard in Resources */ = {isa = PBXBuildFile; fileRef = F5821E6327175BF20039FE92 /* Main.storyboard */; };
		F5821E6727175BF50039FE92 /* Assets.xcassets in Resources */ = {isa = PBXBuildFile; fileRef = F5821E6627175BF50039FE92 /* Assets.xcassets */; };
		F5821E6A27175BF50039FE92 /* LaunchScreen.storyboard in Resources */ = {isa = PBXBuildFile; fileRef = F5821E6827175BF50039FE92 /* LaunchScreen.storyboard */; };
/* End PBXBuildFile section */

/* Begin PBXFileReference section */
		F54518942720761800909A28 /* MainTableViewController.swift */ = {isa = PBXFileReference; lastKnownFileType = sourcecode.swift; path = MainTableViewController.swift; sourceTree = "<group>"; };
		F5451898272083EE00909A28 /* GlossariesList.swift */ = {isa = PBXFileReference; lastKnownFileType = sourcecode.swift; path = GlossariesList.swift; sourceTree = "<group>"; };
		F545189D2720869300909A28 /* GlossaryProvider.swift */ = {isa = PBXFileReference; lastKnownFileType = sourcecode.swift; path = GlossaryProvider.swift; sourceTree = "<group>"; };
		F5821E5A27175BF20039FE92 /* BabyEng.app */ = {isa = PBXFileReference; explicitFileType = wrapper.application; includeInIndex = 0; path = BabyEng.app; sourceTree = BUILT_PRODUCTS_DIR; };
		F5821E5D27175BF20039FE92 /* AppDelegate.swift */ = {isa = PBXFileReference; lastKnownFileType = sourcecode.swift; path = AppDelegate.swift; sourceTree = "<group>"; };
		F5821E5F27175BF20039FE92 /* SceneDelegate.swift */ = {isa = PBXFileReference; lastKnownFileType = sourcecode.swift; path = SceneDelegate.swift; sourceTree = "<group>"; };
		F5821E6127175BF20039FE92 /* ViewController.swift */ = {isa = PBXFileReference; lastKnownFileType = sourcecode.swift; path = ViewController.swift; sourceTree = "<group>"; };
		F5821E6427175BF20039FE92 /* Base */ = {isa = PBXFileReference; lastKnownFileType = file.storyboard; name = Base; path = Base.lproj/Main.storyboard; sourceTree = "<group>"; };
		F5821E6627175BF50039FE92 /* Assets.xcassets */ = {isa = PBXFileReference; lastKnownFileType = folder.assetcatalog; path = Assets.xcassets; sourceTree = "<group>"; };
		F5821E6927175BF50039FE92 /* Base */ = {isa = PBXFileReference; lastKnownFileType = file.storyboard; name = Base; path = Base.lproj/LaunchScreen.storyboard; sourceTree = "<group>"; };
		F5821E6B27175BF50039FE92 /* Info.plist */ = {isa = PBXFileReference; lastKnownFileType = text.plist.xml; path = Info.plist; sourceTree = "<group>"; };
/* End PBXFileReference section */

/* Begin PBXFrameworksBuildPhase section */
		F5821E5727175BF20039FE92 /* Frameworks */ = {
			isa = PBXFrameworksBuildPhase;
			buildActionMask = 2147483647;
			files = (
			);
			runOnlyForDeploymentPostprocessing = 0;
		};
/* End PBXFrameworksBuildPhase section */

/* Begin PBXGroup section */
		F545188F272074FD00909A28 /* Models */ = {
			isa = PBXGroup;
			children = (
				F5451898272083EE00909A28 /* GlossariesList.swift */,
			);
			path = Models;
			sourceTree = "<group>";
		};
		F54518902720750D00909A28 /* Views */ = {
			isa = PBXGroup;
			children = (
			);
			path = Views;
			sourceTree = "<group>";
		};
		F54518912720752500909A28 /* Controllers */ = {
			isa = PBXGroup;
			children = (
				F54518942720761800909A28 /* MainTableViewController.swift */,
			);
			path = Controllers;
			sourceTree = "<group>";
		};
		F54518922720756C00909A28 /* Resourses */ = {
			isa = PBXGroup;
			children = (
				F5821E6627175BF50039FE92 /* Assets.xcassets */,
				F5821E6827175BF50039FE92 /* LaunchScreen.storyboard */,
			);
			path = Resourses;
			sourceTree = "<group>";
		};
		F54518932720757800909A28 /* Supporting Files */ = {
			isa = PBXGroup;
			children = (
				F5821E5D27175BF20039FE92 /* AppDelegate.swift */,
				F5821E5F27175BF20039FE92 /* SceneDelegate.swift */,
				F5821E6327175BF20039FE92 /* Main.storyboard */,
				F5821E6127175BF20039FE92 /* ViewController.swift */,
				F5821E6B27175BF50039FE92 /* Info.plist */,
			);
			path = "Supporting Files";
			sourceTree = "<group>";
		};
		F545189A2720851000909A28 /* Services */ = {
			isa = PBXGroup;
			children = (
				F545189D2720869300909A28 /* GlossaryProvider.swift */,
			);
			path = Services;
			sourceTree = "<group>";
		};
		F5821E5127175BF10039FE92 = {
			isa = PBXGroup;
			children = (
				F5821E5C27175BF20039FE92 /* BabyEng */,
				F5821E5B27175BF20039FE92 /* Products */,
			);
			sourceTree = "<group>";
		};
		F5821E5B27175BF20039FE92 /* Products */ = {
			isa = PBXGroup;
			children = (
				F5821E5A27175BF20039FE92 /* BabyEng.app */,
			);
			name = Products;
			sourceTree = "<group>";
		};
		F5821E5C27175BF20039FE92 /* BabyEng */ = {
			isa = PBXGroup;
			children = (
				F545188F272074FD00909A28 /* Models */,
				F54518902720750D00909A28 /* Views */,
				F54518912720752500909A28 /* Controllers */,
				F545189A2720851000909A28 /* Services */,
				F54518922720756C00909A28 /* Resourses */,
				F54518932720757800909A28 /* Supporting Files */,
			);
			path = BabyEng;
			sourceTree = "<group>";
		};
/* End PBXGroup section */

/* Begin PBXNativeTarget section */
		F5821E5927175BF20039FE92 /* BabyEng */ = {
			isa = PBXNativeTarget;
			buildConfigurationList = F5821E6E27175BF50039FE92 /* Build configuration list for PBXNativeTarget "BabyEng" */;
			buildPhases = (
				F5821E5627175BF20039FE92 /* Sources */,
				F5821E5727175BF20039FE92 /* Frameworks */,
				F5821E5827175BF20039FE92 /* Resources */,
			);
			buildRules = (
			);
			dependencies = (
			);
			name = BabyEng;
			productName = BabyEng;
			productReference = F5821E5A27175BF20039FE92 /* BabyEng.app */;
			productType = "com.apple.product-type.application";
		};
/* End PBXNativeTarget section */

/* Begin PBXProject section */
		F5821E5227175BF10039FE92 /* Project object */ = {
			isa = PBXProject;
			attributes = {
				LastSwiftUpdateCheck = 1250;
				LastUpgradeCheck = 1250;
				TargetAttributes = {
					F5821E5927175BF20039FE92 = {
						CreatedOnToolsVersion = 12.5.1;
					};
				};
			};
			buildConfigurationList = F5821E5527175BF10039FE92 /* Build configuration list for PBXProject "BabyEng" */;
			compatibilityVersion = "Xcode 9.3";
			developmentRegion = en;
			hasScannedForEncodings = 0;
			knownRegions = (
				en,
				Base,
			);
			mainGroup = F5821E5127175BF10039FE92;
			productRefGroup = F5821E5B27175BF20039FE92 /* Products */;
			projectDirPath = "";
			projectRoot = "";
			targets = (
				F5821E5927175BF20039FE92 /* BabyEng */,
			);
		};
/* End PBXProject section */

/* Begin PBXResourcesBuildPhase section */
		F5821E5827175BF20039FE92 /* Resources */ = {
			isa = PBXResourcesBuildPhase;
			buildActionMask = 2147483647;
			files = (
				F5821E6A27175BF50039FE92 /* LaunchScreen.storyboard in Resources */,
				F5821E6727175BF50039FE92 /* Assets.xcassets in Resources */,
				F5821E6527175BF20039FE92 /* Main.storyboard in Resources */,
			);
			runOnlyForDeploymentPostprocessing = 0;
		};
/* End PBXResourcesBuildPhase section */

/* Begin PBXSourcesBuildPhase section */
		F5821E5627175BF20039FE92 /* Sources */ = {
			isa = PBXSourcesBuildPhase;
			buildActionMask = 2147483647;
			files = (
				F54518952720761800909A28 /* MainTableViewController.swift in Sources */,
				F5821E6227175BF20039FE92 /* ViewController.swift in Sources */,
				F5821E5E27175BF20039FE92 /* AppDelegate.swift in Sources */,
				F5451899272083EE00909A28 /* GlossariesList.swift in Sources */,
				F545189E2720869300909A28 /* GlossaryProvider.swift in Sources */,
				F5821E6027175BF20039FE92 /* SceneDelegate.swift in Sources */,
			);
			runOnlyForDeploymentPostprocessing = 0;
		};
/* End PBXSourcesBuildPhase section */

/* Begin PBXVariantGroup section */
		F5821E6327175BF20039FE92 /* Main.storyboard */ = {
			isa = PBXVariantGroup;
			children = (
				F5821E6427175BF20039FE92 /* Base */,
			);
			name = Main.storyboard;
			sourceTree = "<group>";
		};
		F5821E6827175BF50039FE92 /* LaunchScreen.storyboard */ = {
			isa = PBXVariantGroup;
			children = (
				F5821E6927175BF50039FE92 /* Base */,
			);
			name = LaunchScreen.storyboard;
			sourceTree = "<group>";
		};
/* End PBXVariantGroup section */

/* Begin XCBuildConfiguration section */
		F5821E6C27175BF50039FE92 /* Debug */ = {
			isa = XCBuildConfiguration;
			buildSettings = {
				ALWAYS_SEARCH_USER_PATHS = NO;
				CLANG_ANALYZER_NONNULL = YES;
				CLANG_ANALYZER_NUMBER_OBJECT_CONVERSION = YES_AGGRESSIVE;
				CLANG_CXX_LANGUAGE_STANDARD = "gnu++14";
				CLANG_CXX_LIBRARY = "libc++";
				CLANG_ENABLE_MODULES = YES;
				CLANG_ENABLE_OBJC_ARC = YES;
				CLANG_ENABLE_OBJC_WEAK = YES;
				CLANG_WARN_BLOCK_CAPTURE_AUTORELEASING = YES;
				CLANG_WARN_BOOL_CONVERSION = YES;
				CLANG_WARN_COMMA = YES;
				CLANG_WARN_CONSTANT_CONVERSION = YES;
				CLANG_WARN_DEPRECATED_OBJC_IMPLEMENTATIONS = YES;
				CLANG_WARN_DIRECT_OBJC_ISA_USAGE = YES_ERROR;
				CLANG_WARN_DOCUMENTATION_COMMENTS = YES;
				CLANG_WARN_EMPTY_BODY = YES;
				CLANG_WARN_ENUM_CONVERSION = YES;
				CLANG_WARN_INFINITE_RECURSION = YES;
				CLANG_WARN_INT_CONVERSION = YES;
				CLANG_WARN_NON_LITERAL_NULL_CONVERSION = YES;
				CLANG_WARN_OBJC_IMPLICIT_RETAIN_SELF = YES;
				CLANG_WARN_OBJC_LITERAL_CONVERSION = YES;
				CLANG_WARN_OBJC_ROOT_CLASS = YES_ERROR;
				CLANG_WARN_QUOTED_INCLUDE_IN_FRAMEWORK_HEADER = YES;
				CLANG_WARN_RANGE_LOOP_ANALYSIS = YES;
				CLANG_WARN_STRICT_PROTOTYPES = YES;
				CLANG_WARN_SUSPICIOUS_MOVE = YES;
				CLANG_WARN_UNGUARDED_AVAILABILITY = YES_AGGRESSIVE;
				CLANG_WARN_UNREACHABLE_CODE = YES;
				CLANG_WARN__DUPLICATE_METHOD_MATCH = YES;
				COPY_PHASE_STRIP = NO;
				DEBUG_INFORMATION_FORMAT = dwarf;
				ENABLE_STRICT_OBJC_MSGSEND = YES;
				ENABLE_TESTABILITY = YES;
				GCC_C_LANGUAGE_STANDARD = gnu11;
				GCC_DYNAMIC_NO_PIC = NO;
				GCC_NO_COMMON_BLOCKS = YES;
				GCC_OPTIMIZATION_LEVEL = 0;
				GCC_PREPROCESSOR_DEFINITIONS = (
					"DEBUG=1",
					"$(inherited)",
				);
				GCC_WARN_64_TO_32_BIT_CONVERSION = YES;
				GCC_WARN_ABOUT_RETURN_TYPE = YES_ERROR;
				GCC_WARN_UNDECLARED_SELECTOR = YES;
				GCC_WARN_UNINITIALIZED_AUTOS = YES_AGGRESSIVE;
				GCC_WARN_UNUSED_FUNCTION = YES;
				GCC_WARN_UNUSED_VARIABLE = YES;
				IPHONEOS_DEPLOYMENT_TARGET = 14.5;
				MTL_ENABLE_DEBUG_INFO = INCLUDE_SOURCE;
				MTL_FAST_MATH = YES;
				ONLY_ACTIVE_ARCH = YES;
				SDKROOT = iphoneos;
				SWIFT_ACTIVE_COMPILATION_CONDITIONS = DEBUG;
				SWIFT_OPTIMIZATION_LEVEL = "-Onone";
			};
			name = Debug;
		};
		F5821E6D27175BF50039FE92 /* Release */ = {
			isa = XCBuildConfiguration;
			buildSettings = {
				ALWAYS_SEARCH_USER_PATHS = NO;
				CLANG_ANALYZER_NONNULL = YES;
				CLANG_ANALYZER_NUMBER_OBJECT_CONVERSION = YES_AGGRESSIVE;
				CLANG_CXX_LANGUAGE_STANDARD = "gnu++14";
				CLANG_CXX_LIBRARY = "libc++";
				CLANG_ENABLE_MODULES = YES;
				CLANG_ENABLE_OBJC_ARC = YES;
				CLANG_ENABLE_OBJC_WEAK = YES;
				CLANG_WARN_BLOCK_CAPTURE_AUTORELEASING = YES;
				CLANG_WARN_BOOL_CONVERSION = YES;
				CLANG_WARN_COMMA = YES;
				CLANG_WARN_CONSTANT_CONVERSION = YES;
				CLANG_WARN_DEPRECATED_OBJC_IMPLEMENTATIONS = YES;
				CLANG_WARN_DIRECT_OBJC_ISA_USAGE = YES_ERROR;
				CLANG_WARN_DOCUMENTATION_COMMENTS = YES;
				CLANG_WARN_EMPTY_BODY = YES;
				CLANG_WARN_ENUM_CONVERSION = YES;
				CLANG_WARN_INFINITE_RECURSION = YES;
				CLANG_WARN_INT_CONVERSION = YES;
				CLANG_WARN_NON_LITERAL_NULL_CONVERSION = YES;
				CLANG_WARN_OBJC_IMPLICIT_RETAIN_SELF = YES;
				CLANG_WARN_OBJC_LITERAL_CONVERSION = YES;
				CLANG_WARN_OBJC_ROOT_CLASS = YES_ERROR;
				CLANG_WARN_QUOTED_INCLUDE_IN_FRAMEWORK_HEADER = YES;
				CLANG_WARN_RANGE_LOOP_ANALYSIS = YES;
				CLANG_WARN_STRICT_PROTOTYPES = YES;
				CLANG_WARN_SUSPICIOUS_MOVE = YES;
				CLANG_WARN_UNGUARDED_AVAILABILITY = YES_AGGRESSIVE;
				CLANG_WARN_UNREACHABLE_CODE = YES;
				CLANG_WARN__DUPLICATE_METHOD_MATCH = YES;
				COPY_PHASE_STRIP = NO;
				DEBUG_INFORMATION_FORMAT = "dwarf-with-dsym";
				ENABLE_NS_ASSERTIONS = NO;
				ENABLE_STRICT_OBJC_MSGSEND = YES;
				GCC_C_LANGUAGE_STANDARD = gnu11;
				GCC_NO_COMMON_BLOCKS = YES;
				GCC_WARN_64_TO_32_BIT_CONVERSION = YES;
				GCC_WARN_ABOUT_RETURN_TYPE = YES_ERROR;
				GCC_WARN_UNDECLARED_SELECTOR = YES;
				GCC_WARN_UNINITIALIZED_AUTOS = YES_AGGRESSIVE;
				GCC_WARN_UNUSED_FUNCTION = YES;
				GCC_WARN_UNUSED_VARIABLE = YES;
				IPHONEOS_DEPLOYMENT_TARGET = 14.5;
				MTL_ENABLE_DEBUG_INFO = NO;
				MTL_FAST_MATH = YES;
				SDKROOT = iphoneos;
				SWIFT_COMPILATION_MODE = wholemodule;
				SWIFT_OPTIMIZATION_LEVEL = "-O";
				VALIDATE_PRODUCT = YES;
			};
			name = Release;
		};
		F5821E6F27175BF50039FE92 /* Debug */ = {
			isa = XCBuildConfiguration;
			buildSettings = {
				ASSETCATALOG_COMPILER_APPICON_NAME = AppIcon;
				ASSETCATALOG_COMPILER_GLOBAL_ACCENT_COLOR_NAME = AccentColor;
				CODE_SIGN_STYLE = Automatic;
				INFOPLIST_FILE = "BabyEng/Supporting Files/Info.plist";
				LD_RUNPATH_SEARCH_PATHS = (
					"$(inherited)",
					"@executable_path/Frameworks",
				);
				PRODUCT_BUNDLE_IDENTIFIER = SYLupeko.BabyEng;
				PRODUCT_NAME = "$(TARGET_NAME)";
				SWIFT_VERSION = 5.0;
				TARGETED_DEVICE_FAMILY = "1,2";
			};
			name = Debug;
		};
		F5821E7027175BF50039FE92 /* Release */ = {
			isa = XCBuildConfiguration;
			buildSettings = {
				ASSETCATALOG_COMPILER_APPICON_NAME = AppIcon;
				ASSETCATALOG_COMPILER_GLOBAL_ACCENT_COLOR_NAME = AccentColor;
				CODE_SIGN_STYLE = Automatic;
				INFOPLIST_FILE = "BabyEng/Supporting Files/Info.plist";
				LD_RUNPATH_SEARCH_PATHS = (
					"$(inherited)",
					"@executable_path/Frameworks",
				);
				PRODUCT_BUNDLE_IDENTIFIER = SYLupeko.BabyEng;
				PRODUCT_NAME = "$(TARGET_NAME)";
				SWIFT_VERSION = 5.0;
				TARGETED_DEVICE_FAMILY = "1,2";
			};
			name = Release;
		};
/* End XCBuildConfiguration section */

/* Begin XCConfigurationList section */
		F5821E5527175BF10039FE92 /* Build configuration list for PBXProject "BabyEng" */ = {
			isa = XCConfigurationList;
			buildConfigurations = (
				F5821E6C27175BF50039FE92 /* Debug */,
				F5821E6D27175BF50039FE92 /* Release */,
			);
			defaultConfigurationIsVisible = 0;
			defaultConfigurationName = Release;
		};
		F5821E6E27175BF50039FE92 /* Build configuration list for PBXNativeTarget "BabyEng" */ = {
			isa = XCConfigurationList;
			buildConfigurations = (
				F5821E6F27175BF50039FE92 /* Debug */,
				F5821E7027175BF50039FE92 /* Release */,
			);
			defaultConfigurationIsVisible = 0;
			defaultConfigurationName = Release;
		};
/* End XCConfigurationList section */
	};
	rootObject = F5821E5227175BF10039FE92 /* Project object */;
}
